
Microsoft Visual Studio Solution File, Format Version 11.00
# Visual Studio 2010
Project("{FAE04EC0-301F-11D3-BF4B-00C04F79EFBC}") = "ATM", "ATM\ATM.csproj", "{7C52E12F-FB65-4DF7-8255-3C1AB4268132}"
EndProject
Global
	GlobalSection(SolutionConfigurationPlatforms) = preSolution
		Debug|x86 = Debug|x86
		Release|x86 = Release|x86
	EndGlobalSection
	GlobalSection(ProjectConfigurationPlatforms) = postSolution
		{7C52E12F-FB65-4DF7-8255-3C1AB4268132}.Debug|x86.ActiveCfg = Debug|x86
		{7C52E12F-FB65-4DF7-8255-3C1AB4268132}.Debug|x86.Build.0 = Debug|x86
		{7C52E12F-FB65-4DF7-8255-3C1AB4268132}.Release|x86.ActiveCfg = Release|x86
		{7C52E12F-FB65-4DF7-8255-3C1AB4268132}.Release|x86.Build.0 = Release|x86
	EndGlobalSection
	GlobalSection(SolutionProperties) = preSolution
		HideSolutionNode = FALSE
	EndGlobalSection
EndGlobal
